// !$*UTF8*$!
{
	archiveVersion = 1;
	classes = {
	};
	objectVersion = 77;
	objects = {

/* Begin PBXBuildFile section */
		00D9593C2BB159A217824F92 /* CoreAudio.framework in Frameworks */ = {isa = PBXBuildFile; fileRef = 8C79FA47448E2407F54B9E8C /* CoreAudio.framework */; };
		0EB6F39BBEAABBEB55519287 /* CoreGraphics.framework in Frameworks */ = {isa = PBXBuildFile; fileRef = E9151E726362024BE2351687 /* CoreGraphics.framework */; };
		19360600A156EBE8D822801D /* SettingsView.swift in Sources */ = {isa = PBXBuildFile; fileRef = A4953BF8A38FC87EB026DCB4 /* SettingsView.swift */; };
		207906FC1E8AA06371037066 /* ServiceManagement.framework in Frameworks */ = {isa = PBXBuildFile; fileRef = F68716E33479CCCA6BF80B4E /* ServiceManagement.framework */; };
		20C78B5EFE95315F3C91071F /* Metal.framework in Frameworks */ = {isa = PBXBuildFile; fileRef = 50579EA796CA0E18C0A12EA2 /* Metal.framework */; };
		37544B66D238CFE3F5F96F61 /* HotkeyMonitor.swift in Sources */ = {isa = PBXBuildFile; fileRef = 6733AF2BF09766D3F222C533 /* HotkeyMonitor.swift */; };
		395E60A7D5FCE59FCB1484E6 /* TextInjector.swift in Sources */ = {isa = PBXBuildFile; fileRef = CF2A27139E286690DCDEA702 /* TextInjector.swift */; };
		47717608C2A695C1464D64BA /* MetalKit.framework in Frameworks */ = {isa = PBXBuildFile; fileRef = 172AD12BE2980C9DC0BE2F33 /* MetalKit.framework */; };
		4BD4A845ECA8E3E358FD2113 /* WhisperDictationTests.swift in Sources */ = {isa = PBXBuildFile; fileRef = F649D114F37D3C0F7ED21A4D /* WhisperDictationTests.swift */; };
		57EA783953AE4C46DD19E6A2 /* MenuBarView.swift in Sources */ = {isa = PBXBuildFile; fileRef = 64F79DB99221A8DF3AD92F2C /* MenuBarView.swift */; };
		594985A1BCE8E12AA48EB7CC /* WhisperDictationApp.swift in Sources */ = {isa = PBXBuildFile; fileRef = E528197E587E208E43F6B793 /* WhisperDictationApp.swift */; };
		6F0D2BCF525348E6E8ABB18A /* AudioDeviceManager.swift in Sources */ = {isa = PBXBuildFile; fileRef = A6BD9F23DCE53B81DBA91FCB /* AudioDeviceManager.swift */; };
		81D4AA6461C965EFCE5F9045 /* AudioCapture.swift in Sources */ = {isa = PBXBuildFile; fileRef = 50F83185F747BC3816B1EEFE /* AudioCapture.swift */; };
		886E998DE322ABB3381FEBCE /* SoundFeedback.swift in Sources */ = {isa = PBXBuildFile; fileRef = 49E446C6BC8CF3611947FC37 /* SoundFeedback.swift */; };
		9888C7CC89B386CA71A07225 /* ModelManager.swift in Sources */ = {isa = PBXBuildFile; fileRef = D7AF2A9E9A0E8E46B0684E87 /* ModelManager.swift */; };
		9C31E83B2E74C675EB7D6D55 /* DictationEngine.swift in Sources */ = {isa = PBXBuildFile; fileRef = AB0504E48CA3C9F0042FC816 /* DictationEngine.swift */; };
		A582F2054B3964D47303EBA2 /* AVFoundation.framework in Frameworks */ = {isa = PBXBuildFile; fileRef = 3805DE9B28F733D991AA1DDF /* AVFoundation.framework */; };
		ACA3E9FF18761BA426435FE0 /* Accelerate.framework in Frameworks */ = {isa = PBXBuildFile; fileRef = 4ED844311C0159A17FA081D4 /* Accelerate.framework */; };
		B6C0CC718B93742D7AFA6A9C /* Settings.swift in Sources */ = {isa = PBXBuildFile; fileRef = 00B3D692211B6FF96C9F58A6 /* Settings.swift */; };
		BC5A025BF77ABEF9C583371C /* AppKit.framework in Frameworks */ = {isa = PBXBuildFile; fileRef = 90C25C9EB1950947F5789BAF /* AppKit.framework */; };
		CA0668AA78FF56C46A1CFEDE /* WhisperBridge.swift in Sources */ = {isa = PBXBuildFile; fileRef = 72495F5B1FA643D627CB8F2E /* WhisperBridge.swift */; };
		CECC07937EDE9F496D166775 /* PermissionManager.swift in Sources */ = {isa = PBXBuildFile; fileRef = 56BBEBB122535F358BB2A270 /* PermissionManager.swift */; };
		D217BC6774D3EFDD8C6EA327 /* LaunchAtLoginHelper.swift in Sources */ = {isa = PBXBuildFile; fileRef = 789FC02D2D2D1B1FACBB9081 /* LaunchAtLoginHelper.swift */; };
		DA9F153109164B07BA7DD135 /* OnboardingView.swift in Sources */ = {isa = PBXBuildFile; fileRef = 25FC8B04B76FEA3CA1795B71 /* OnboardingView.swift */; };
		ED6E429E0EBF357F330744BE /* TextCorrector.swift in Sources */ = {isa = PBXBuildFile; fileRef = 3F81BD55B48BEA63BCEB378A /* TextCorrector.swift */; };
/* End PBXBuildFile section */

/* Begin PBXContainerItemProxy section */
		6817A8804CE71688D4A5E169 /* PBXContainerItemProxy */ = {
			isa = PBXContainerItemProxy;
			containerPortal = FF4CA3AC863F5170A87A8840 /* Project object */;
			proxyType = 1;
			remoteGlobalIDString = 145B00BEB6E9B8D22723E536;
			remoteInfo = WhisperDictation;
		};
/* End PBXContainerItemProxy section */

/* Begin PBXFileReference section */
		00B3D692211B6FF96C9F58A6 /* Settings.swift */ = {isa = PBXFileReference; lastKnownFileType = sourcecode.swift; path = Settings.swift; sourceTree = "<group>"; };
		172AD12BE2980C9DC0BE2F33 /* MetalKit.framework */ = {isa = PBXFileReference; lastKnownFileType = wrapper.framework; name = MetalKit.framework; path = System/Library/Frameworks/MetalKit.framework; sourceTree = SDKROOT; };
		25FC8B04B76FEA3CA1795B71 /* OnboardingView.swift */ = {isa = PBXFileReference; lastKnownFileType = sourcecode.swift; path = OnboardingView.swift; sourceTree = "<group>"; };
		3805DE9B28F733D991AA1DDF /* AVFoundation.framework */ = {isa = PBXFileReference; lastKnownFileType = wrapper.framework; name = AVFoundation.framework; path = System/Library/Frameworks/AVFoundation.framework; sourceTree = SDKROOT; };
		3F81BD55B48BEA63BCEB378A /* TextCorrector.swift */ = {isa = PBXFileReference; lastKnownFileType = sourcecode.swift; path = TextCorrector.swift; sourceTree = "<group>"; };
		49E446C6BC8CF3611947FC37 /* SoundFeedback.swift */ = {isa = PBXFileReference; lastKnownFileType = sourcecode.swift; path = SoundFeedback.swift; sourceTree = "<group>"; };
		4ED844311C0159A17FA081D4 /* Accelerate.framework */ = {isa = PBXFileReference; lastKnownFileType = wrapper.framework; name = Accelerate.framework; path = System/Library/Frameworks/Accelerate.framework; sourceTree = SDKROOT; };
		50579EA796CA0E18C0A12EA2 /* Metal.framework */ = {isa = PBXFileReference; lastKnownFileType = wrapper.framework; name = Metal.framework; path = System/Library/Frameworks/Metal.framework; sourceTree = SDKROOT; };
		50F83185F747BC3816B1EEFE /* AudioCapture.swift */ = {isa = PBXFileReference; lastKnownFileType = sourcecode.swift; path = AudioCapture.swift; sourceTree = "<group>"; };
		56BBEBB122535F358BB2A270 /* PermissionManager.swift */ = {isa = PBXFileReference; lastKnownFileType = sourcecode.swift; path = PermissionManager.swift; sourceTree = "<group>"; };
		64F79DB99221A8DF3AD92F2C /* MenuBarView.swift */ = {isa = PBXFileReference; lastKnownFileType = sourcecode.swift; path = MenuBarView.swift; sourceTree = "<group>"; };
		65926DA67CFF52E6F32FB153 /* WhisperDictation.app */ = {isa = PBXFileReference; explicitFileType = wrapper.application; includeInIndex = 0; path = WhisperDictation.app; sourceTree = BUILT_PRODUCTS_DIR; };
		6733AF2BF09766D3F222C533 /* HotkeyMonitor.swift */ = {isa = PBXFileReference; lastKnownFileType = sourcecode.swift; path = HotkeyMonitor.swift; sourceTree = "<group>"; };
		72495F5B1FA643D627CB8F2E /* WhisperBridge.swift */ = {isa = PBXFileReference; lastKnownFileType = sourcecode.swift; path = WhisperBridge.swift; sourceTree = "<group>"; };
		789FC02D2D2D1B1FACBB9081 /* LaunchAtLoginHelper.swift */ = {isa = PBXFileReference; lastKnownFileType = sourcecode.swift; path = LaunchAtLoginHelper.swift; sourceTree = "<group>"; };
		8C79FA47448E2407F54B9E8C /* CoreAudio.framework */ = {isa = PBXFileReference; lastKnownFileType = wrapper.framework; name = CoreAudio.framework; path = System/Library/Frameworks/CoreAudio.framework; sourceTree = SDKROOT; };
		90C25C9EB1950947F5789BAF /* AppKit.framework */ = {isa = PBXFileReference; lastKnownFileType = wrapper.framework; name = AppKit.framework; path = System/Library/Frameworks/AppKit.framework; sourceTree = SDKROOT; };
		9D196D716D926265FA0C5DAB /* WhisperDictationTests.xctest */ = {isa = PBXFileReference; explicitFileType = wrapper.cfbundle; includeInIndex = 0; path = WhisperDictationTests.xctest; sourceTree = BUILT_PRODUCTS_DIR; };
		A4953BF8A38FC87EB026DCB4 /* SettingsView.swift */ = {isa = PBXFileReference; lastKnownFileType = sourcecode.swift; path = SettingsView.swift; sourceTree = "<group>"; };
		A6BD9F23DCE53B81DBA91FCB /* AudioDeviceManager.swift */ = {isa = PBXFileReference; lastKnownFileType = sourcecode.swift; path = AudioDeviceManager.swift; sourceTree = "<group>"; };
		AB0504E48CA3C9F0042FC816 /* DictationEngine.swift */ = {isa = PBXFileReference; lastKnownFileType = sourcecode.swift; path = DictationEngine.swift; sourceTree = "<group>"; };
		CF2A27139E286690DCDEA702 /* TextInjector.swift */ = {isa = PBXFileReference; lastKnownFileType = sourcecode.swift; path = TextInjector.swift; sourceTree = "<group>"; };
		D7AF2A9E9A0E8E46B0684E87 /* ModelManager.swift */ = {isa = PBXFileReference; lastKnownFileType = sourcecode.swift; path = ModelManager.swift; sourceTree = "<group>"; };
		E528197E587E208E43F6B793 /* WhisperDictationApp.swift */ = {isa = PBXFileReference; lastKnownFileType = sourcecode.swift; path = WhisperDictationApp.swift; sourceTree = "<group>"; };
		E9151E726362024BE2351687 /* CoreGraphics.framework */ = {isa = PBXFileReference; lastKnownFileType = wrapper.framework; name = CoreGraphics.framework; path = System/Library/Frameworks/CoreGraphics.framework; sourceTree = SDKROOT; };
		EBB28C642351FD424DBFF96F /* WhisperDictation-Bridging-Header.h */ = {isa = PBXFileReference; lastKnownFileType = sourcecode.c.h; path = "WhisperDictation-Bridging-Header.h"; sourceTree = "<group>"; };
		F649D114F37D3C0F7ED21A4D /* WhisperDictationTests.swift */ = {isa = PBXFileReference; lastKnownFileType = sourcecode.swift; path = WhisperDictationTests.swift; sourceTree = "<group>"; };
		F68716E33479CCCA6BF80B4E /* ServiceManagement.framework */ = {isa = PBXFileReference; lastKnownFileType = wrapper.framework; name = ServiceManagement.framework; path = System/Library/Frameworks/ServiceManagement.framework; sourceTree = SDKROOT; };
/* End PBXFileReference section */

/* Begin PBXFrameworksBuildPhase section */
		73BE222B38C66F4F4B8F01F6 /* Frameworks */ = {
			isa = PBXFrameworksBuildPhase;
			buildActionMask = 2147483647;
			files = (
				ACA3E9FF18761BA426435FE0 /* Accelerate.framework in Frameworks */,
				20C78B5EFE95315F3C91071F /* Metal.framework in Frameworks */,
				47717608C2A695C1464D64BA /* MetalKit.framework in Frameworks */,
				A582F2054B3964D47303EBA2 /* AVFoundation.framework in Frameworks */,
				0EB6F39BBEAABBEB55519287 /* CoreGraphics.framework in Frameworks */,
				BC5A025BF77ABEF9C583371C /* AppKit.framework in Frameworks */,
				00D9593C2BB159A217824F92 /* CoreAudio.framework in Frameworks */,
				207906FC1E8AA06371037066 /* ServiceManagement.framework in Frameworks */,
			);
			runOnlyForDeploymentPostprocessing = 0;
		};
/* End PBXFrameworksBuildPhase section */

/* Begin PBXGroup section */
		0378CFA0C706FAB60F64FC87 /* App */ = {
			isa = PBXGroup;
			children = (
				E528197E587E208E43F6B793 /* WhisperDictationApp.swift */,
			);
			path = App;
			sourceTree = "<group>";
		};
		05497071BE21782C90C677BF /* Products */ = {
			isa = PBXGroup;
			children = (
				65926DA67CFF52E6F32FB153 /* WhisperDictation.app */,
				9D196D716D926265FA0C5DAB /* WhisperDictationTests.xctest */,
			);
			name = Products;
			sourceTree = "<group>";
		};
		08A35E082AD8A0115EBC7424 /* Sounds */ = {
			isa = PBXGroup;
			children = (
			);
			path = Sounds;
			sourceTree = "<group>";
		};
		1ED4C6EC90EE033E33D0E533 /* Frameworks */ = {
			isa = PBXGroup;
			children = (
				4ED844311C0159A17FA081D4 /* Accelerate.framework */,
				90C25C9EB1950947F5789BAF /* AppKit.framework */,
				3805DE9B28F733D991AA1DDF /* AVFoundation.framework */,
				8C79FA47448E2407F54B9E8C /* CoreAudio.framework */,
				E9151E726362024BE2351687 /* CoreGraphics.framework */,
				50579EA796CA0E18C0A12EA2 /* Metal.framework */,
				172AD12BE2980C9DC0BE2F33 /* MetalKit.framework */,
				F68716E33479CCCA6BF80B4E /* ServiceManagement.framework */,
			);
			name = Frameworks;
			sourceTree = "<group>";
		};
		1EDBA9D61676E8BF85E48DE9 = {
			isa = PBXGroup;
			children = (
				4821186E3D82CB15106AC3F4 /* WhisperDictation */,
				4626DBCAA12A3D4F747D7493 /* WhisperDictationTests */,
				1ED4C6EC90EE033E33D0E533 /* Frameworks */,
				05497071BE21782C90C677BF /* Products */,
			);
			sourceTree = "<group>";
		};
		343D5DD3455671D9B2453EE8 /* UI */ = {
			isa = PBXGroup;
			children = (
				64F79DB99221A8DF3AD92F2C /* MenuBarView.swift */,
				25FC8B04B76FEA3CA1795B71 /* OnboardingView.swift */,
				A4953BF8A38FC87EB026DCB4 /* SettingsView.swift */,
			);
			path = UI;
			sourceTree = "<group>";
		};
		4626DBCAA12A3D4F747D7493 /* WhisperDictationTests */ = {
			isa = PBXGroup;
			children = (
				F649D114F37D3C0F7ED21A4D /* WhisperDictationTests.swift */,
			);
			path = WhisperDictationTests;
			sourceTree = "<group>";
		};
		4821186E3D82CB15106AC3F4 /* WhisperDictation */ = {
			isa = PBXGroup;
			children = (
				EBB28C642351FD424DBFF96F /* WhisperDictation-Bridging-Header.h */,
				0378CFA0C706FAB60F64FC87 /* App */,
				60D31704A216EC09AC0407AC /* Engine */,
				53A5644C6EA91BA4614709A8 /* Resources */,
				343D5DD3455671D9B2453EE8 /* UI */,
				80A0497E2B3017024245599A /* Utilities */,
			);
			path = WhisperDictation;
			sourceTree = "<group>";
		};
		53A5644C6EA91BA4614709A8 /* Resources */ = {
			isa = PBXGroup;
			children = (
				08A35E082AD8A0115EBC7424 /* Sounds */,
			);
			path = Resources;
			sourceTree = "<group>";
		};
		60D31704A216EC09AC0407AC /* Engine */ = {
			isa = PBXGroup;
			children = (
				50F83185F747BC3816B1EEFE /* AudioCapture.swift */,
				AB0504E48CA3C9F0042FC816 /* DictationEngine.swift */,
				D7AF2A9E9A0E8E46B0684E87 /* ModelManager.swift */,
				49E446C6BC8CF3611947FC37 /* SoundFeedback.swift */,
				3F81BD55B48BEA63BCEB378A /* TextCorrector.swift */,
				CF2A27139E286690DCDEA702 /* TextInjector.swift */,
				72495F5B1FA643D627CB8F2E /* WhisperBridge.swift */,
			);
			path = Engine;
			sourceTree = "<group>";
		};
		80A0497E2B3017024245599A /* Utilities */ = {
			isa = PBXGroup;
			children = (
				A6BD9F23DCE53B81DBA91FCB /* AudioDeviceManager.swift */,
				6733AF2BF09766D3F222C533 /* HotkeyMonitor.swift */,
				789FC02D2D2D1B1FACBB9081 /* LaunchAtLoginHelper.swift */,
				56BBEBB122535F358BB2A270 /* PermissionManager.swift */,
				00B3D692211B6FF96C9F58A6 /* Settings.swift */,
			);
			path = Utilities;
			sourceTree = "<group>";
		};
/* End PBXGroup section */

/* Begin PBXNativeTarget section */
		074AA98DE09F09D6DF8F9C2A /* WhisperDictationTests */ = {
			isa = PBXNativeTarget;
			buildConfigurationList = 2FBD9F951D873184A81618EC /* Build configuration list for PBXNativeTarget "WhisperDictationTests" */;
			buildPhases = (
				1331CD5544307E7FF1703764 /* Sources */,
			);
			buildRules = (
			);
			dependencies = (
				CF791CC7356093298B68ABC0 /* PBXTargetDependency */,
			);
			name = WhisperDictationTests;
			packageProductDependencies = (
			);
			productName = WhisperDictationTests;
			productReference = 9D196D716D926265FA0C5DAB /* WhisperDictationTests.xctest */;
			productType = "com.apple.product-type.bundle.unit-test";
		};
		145B00BEB6E9B8D22723E536 /* WhisperDictation */ = {
			isa = PBXNativeTarget;
			buildConfigurationList = BEA3B4218B2A1716E1756A23 /* Build configuration list for PBXNativeTarget "WhisperDictation" */;
			buildPhases = (
				72D5A3A5737051992D5316C0 /* Sources */,
				73BE222B38C66F4F4B8F01F6 /* Frameworks */,
			);
			buildRules = (
			);
			dependencies = (
			);
			name = WhisperDictation;
			packageProductDependencies = (
			);
			productName = WhisperDictation;
			productReference = 65926DA67CFF52E6F32FB153 /* WhisperDictation.app */;
			productType = "com.apple.product-type.application";
		};
/* End PBXNativeTarget section */

/* Begin PBXProject section */
		FF4CA3AC863F5170A87A8840 /* Project object */ = {
			isa = PBXProject;
			attributes = {
				BuildIndependentTargetsInParallel = YES;
				LastUpgradeCheck = 1600;
				TargetAttributes = {
				};
			};
			buildConfigurationList = 30F8B7161455E6D39804DDA9 /* Build configuration list for PBXProject "WhisperDictation" */;
			developmentRegion = en;
			hasScannedForEncodings = 0;
			knownRegions = (
				Base,
				en,
			);
			mainGroup = 1EDBA9D61676E8BF85E48DE9;
			minimizedProjectReferenceProxies = 1;
			preferredProjectObjectVersion = 77;
			productRefGroup = 05497071BE21782C90C677BF /* Products */;
			projectDirPath = "";
			projectRoot = "";
			targets = (
				145B00BEB6E9B8D22723E536 /* WhisperDictation */,
				074AA98DE09F09D6DF8F9C2A /* WhisperDictationTests */,
			);
		};
/* End PBXProject section */

/* Begin PBXSourcesBuildPhase section */
		1331CD5544307E7FF1703764 /* Sources */ = {
			isa = PBXSourcesBuildPhase;
			buildActionMask = 2147483647;
			files = (
				4BD4A845ECA8E3E358FD2113 /* WhisperDictationTests.swift in Sources */,
			);
			runOnlyForDeploymentPostprocessing = 0;
		};
		72D5A3A5737051992D5316C0 /* Sources */ = {
			isa = PBXSourcesBuildPhase;
			buildActionMask = 2147483647;
			files = (
				81D4AA6461C965EFCE5F9045 /* AudioCapture.swift in Sources */,
				6F0D2BCF525348E6E8ABB18A /* AudioDeviceManager.swift in Sources */,
				9C31E83B2E74C675EB7D6D55 /* DictationEngine.swift in Sources */,
				37544B66D238CFE3F5F96F61 /* HotkeyMonitor.swift in Sources */,
				D217BC6774D3EFDD8C6EA327 /* LaunchAtLoginHelper.swift in Sources */,
				57EA783953AE4C46DD19E6A2 /* MenuBarView.swift in Sources */,
				9888C7CC89B386CA71A07225 /* ModelManager.swift in Sources */,
				DA9F153109164B07BA7DD135 /* OnboardingView.swift in Sources */,
				CECC07937EDE9F496D166775 /* PermissionManager.swift in Sources */,
				B6C0CC718B93742D7AFA6A9C /* Settings.swift in Sources */,
				19360600A156EBE8D822801D /* SettingsView.swift in Sources */,
				886E998DE322ABB3381FEBCE /* SoundFeedback.swift in Sources */,
				ED6E429E0EBF357F330744BE /* TextCorrector.swift in Sources */,
				395E60A7D5FCE59FCB1484E6 /* TextInjector.swift in Sources */,
				CA0668AA78FF56C46A1CFEDE /* WhisperBridge.swift in Sources */,
				594985A1BCE8E12AA48EB7CC /* WhisperDictationApp.swift in Sources */,
			);
			runOnlyForDeploymentPostprocessing = 0;
		};
/* End PBXSourcesBuildPhase section */

/* Begin PBXTargetDependency section */
		CF791CC7356093298B68ABC0 /* PBXTargetDependency */ = {
			isa = PBXTargetDependency;
			target = 145B00BEB6E9B8D22723E536 /* WhisperDictation */;
			targetProxy = 6817A8804CE71688D4A5E169 /* PBXContainerItemProxy */;
		};
/* End PBXTargetDependency section */

/* Begin XCBuildConfiguration section */
		0ED506A56B1CB706E0A2EC4F /* Debug */ = {
			isa = XCBuildConfiguration;
			buildSettings = {
				BUNDLE_LOADER = "$(TEST_HOST)";
				COMBINE_HIDPI_IMAGES = YES;
				GENERATE_INFOPLIST_FILE = YES;
				LD_RUNPATH_SEARCH_PATHS = (
					"$(inherited)",
					"@executable_path/../Frameworks",
					"@loader_path/../Frameworks",
				);
				PRODUCT_BUNDLE_IDENTIFIER = com.sampop.WhisperDictationTests;
				SDKROOT = macosx;
				TEST_HOST = "$(BUILT_PRODUCTS_DIR)/WhisperDictation.app/Contents/MacOS/WhisperDictation";
			};
			name = Debug;
		};
		617B79C51617296F60C22962 /* Debug */ = {
			isa = XCBuildConfiguration;
			buildSettings = {
				ALWAYS_SEARCH_USER_PATHS = NO;
				CLANG_ANALYZER_NONNULL = YES;
				CLANG_ANALYZER_NUMBER_OBJECT_CONVERSION = YES_AGGRESSIVE;
				CLANG_CXX_LANGUAGE_STANDARD = "gnu++14";
				CLANG_CXX_LIBRARY = "libc++";
				CLANG_ENABLE_MODULES = YES;
				CLANG_ENABLE_OBJC_ARC = YES;
				CLANG_ENABLE_OBJC_WEAK = YES;
				CLANG_WARN_BLOCK_CAPTURE_AUTORELEASING = YES;
				CLANG_WARN_BOOL_CONVERSION = YES;
				CLANG_WARN_COMMA = YES;
				CLANG_WARN_CONSTANT_CONVERSION = YES;
				CLANG_WARN_DEPRECATED_OBJC_IMPLEMENTATIONS = YES;
				CLANG_WARN_DIRECT_OBJC_ISA_USAGE = YES_ERROR;
				CLANG_WARN_DOCUMENTATION_COMMENTS = YES;
				CLANG_WARN_EMPTY_BODY = YES;
				CLANG_WARN_ENUM_CONVERSION = YES;
				CLANG_WARN_INFINITE_RECURSION = YES;
				CLANG_WARN_INT_CONVERSION = YES;
				CLANG_WARN_NON_LITERAL_NULL_CONVERSION = YES;
				CLANG_WARN_OBJC_IMPLICIT_RETAIN_SELF = YES;
				CLANG_WARN_OBJC_LITERAL_CONVERSION = YES;
				CLANG_WARN_OBJC_ROOT_CLASS = YES_ERROR;
				CLANG_WARN_QUOTED_INCLUDE_IN_FRAMEWORK_HEADER = YES;
				CLANG_WARN_RANGE_LOOP_ANALYSIS = YES;
				CLANG_WARN_STRICT_PROTOTYPES = YES;
				CLANG_WARN_SUSPICIOUS_MOVE = YES;
				CLANG_WARN_UNGUARDED_AVAILABILITY = YES_AGGRESSIVE;
				CLANG_WARN_UNREACHABLE_CODE = YES;
				CLANG_WARN__DUPLICATE_METHOD_MATCH = YES;
				COPY_PHASE_STRIP = NO;
				DEBUG_INFORMATION_FORMAT = dwarf;
				ENABLE_STRICT_OBJC_MSGSEND = YES;
				ENABLE_TESTABILITY = YES;
				GCC_C_LANGUAGE_STANDARD = gnu11;
				GCC_DYNAMIC_NO_PIC = NO;
				GCC_NO_COMMON_BLOCKS = YES;
				GCC_OPTIMIZATION_LEVEL = 0;
				GCC_PREPROCESSOR_DEFINITIONS = (
					"$(inherited)",
					"DEBUG=1",
				);
				GCC_WARN_64_TO_32_BIT_CONVERSION = YES;
				GCC_WARN_ABOUT_RETURN_TYPE = YES_ERROR;
				GCC_WARN_UNDECLARED_SELECTOR = YES;
				GCC_WARN_UNINITIALIZED_AUTOS = YES_AGGRESSIVE;
				GCC_WARN_UNUSED_FUNCTION = YES;
				GCC_WARN_UNUSED_VARIABLE = YES;
				MACOSX_DEPLOYMENT_TARGET = 14.0;
				MTL_ENABLE_DEBUG_INFO = INCLUDE_SOURCE;
				MTL_FAST_MATH = YES;
				ONLY_ACTIVE_ARCH = YES;
				PRODUCT_NAME = "$(TARGET_NAME)";
				SDKROOT = macosx;
				SWIFT_ACTIVE_COMPILATION_CONDITIONS = DEBUG;
				SWIFT_OPTIMIZATION_LEVEL = "-Onone";
				SWIFT_VERSION = 5;
			};
			name = Debug;
		};
		6EE2B0CEA665AC851690C3FD /* Release */ = {
			isa = XCBuildConfiguration;
			buildSettings = {
				ASSETCATALOG_COMPILER_APPICON_NAME = AppIcon;
				CODE_SIGN_ENTITLEMENTS = WhisperDictation/WhisperDictation.entitlements;
				CODE_SIGN_IDENTITY = "-";
				COMBINE_HIDPI_IMAGES = YES;
				ENABLE_HARDENED_RUNTIME = NO;
				HEADER_SEARCH_PATHS = (
					"$(PROJECT_DIR)/lib",
				);
				INFOPLIST_FILE = WhisperDictation/Info.plist;
				LD_RUNPATH_SEARCH_PATHS = (
					"$(inherited)",
					"@executable_path/../Frameworks",
				);
				LIBRARY_SEARCH_PATHS = (
					"$(PROJECT_DIR)/lib",
				);
				OTHER_LDFLAGS = (
					"-lwhisper",
					"-lggml",
					"-lggml-base",
					"-lggml-cpu",
					"-lggml-metal",
					"-lggml-blas",
					"-lc++",
				);
				PRODUCT_BUNDLE_IDENTIFIER = com.sampop.WhisperDictation;
				SDKROOT = macosx;
				SWIFT_OBJC_BRIDGING_HEADER = "WhisperDictation/WhisperDictation-Bridging-Header.h";
				SWIFT_OPTIMIZATION_LEVEL = "-O";
			};
			name = Release;
		};
		BAA4C262D21B99A12F68757A /* Release */ = {
			isa = XCBuildConfiguration;
			buildSettings = {
				ALWAYS_SEARCH_USER_PATHS = NO;
				CLANG_ANALYZER_NONNULL = YES;
				CLANG_ANALYZER_NUMBER_OBJECT_CONVERSION = YES_AGGRESSIVE;
				CLANG_CXX_LANGUAGE_STANDARD = "gnu++14";
				CLANG_CXX_LIBRARY = "libc++";
				CLANG_ENABLE_MODULES = YES;
				CLANG_ENABLE_OBJC_ARC = YES;
				CLANG_ENABLE_OBJC_WEAK = YES;
				CLANG_WARN_BLOCK_CAPTURE_AUTORELEASING = YES;
				CLANG_WARN_BOOL_CONVERSION = YES;
				CLANG_WARN_COMMA = YES;
				CLANG_WARN_CONSTANT_CONVERSION = YES;
				CLANG_WARN_DEPRECATED_OBJC_IMPLEMENTATIONS = YES;
				CLANG_WARN_DIRECT_OBJC_ISA_USAGE = YES_ERROR;
				CLANG_WARN_DOCUMENTATION_COMMENTS = YES;
				CLANG_WARN_EMPTY_BODY = YES;
				CLANG_WARN_ENUM_CONVERSION = YES;
				CLANG_WARN_INFINITE_RECURSION = YES;
				CLANG_WARN_INT_CONVERSION = YES;
				CLANG_WARN_NON_LITERAL_NULL_CONVERSION = YES;
				CLANG_WARN_OBJC_IMPLICIT_RETAIN_SELF = YES;
				CLANG_WARN_OBJC_LITERAL_CONVERSION = YES;
				CLANG_WARN_OBJC_ROOT_CLASS = YES_ERROR;
				CLANG_WARN_QUOTED_INCLUDE_IN_FRAMEWORK_HEADER = YES;
				CLANG_WARN_RANGE_LOOP_ANALYSIS = YES;
				CLANG_WARN_STRICT_PROTOTYPES = YES;
				CLANG_WARN_SUSPICIOUS_MOVE = YES;
				CLANG_WARN_UNGUARDED_AVAILABILITY = YES_AGGRESSIVE;
				CLANG_WARN_UNREACHABLE_CODE = YES;
				CLANG_WARN__DUPLICATE_METHOD_MATCH = YES;
				COPY_PHASE_STRIP = NO;
				DEBUG_INFORMATION_FORMAT = "dwarf-with-dsym";
				ENABLE_NS_ASSERTIONS = NO;
				ENABLE_STRICT_OBJC_MSGSEND = YES;
				GCC_C_LANGUAGE_STANDARD = gnu11;
				GCC_NO_COMMON_BLOCKS = YES;
				GCC_WARN_64_TO_32_BIT_CONVERSION = YES;
				GCC_WARN_ABOUT_RETURN_TYPE = YES_ERROR;
				GCC_WARN_UNDECLARED_SELECTOR = YES;
				GCC_WARN_UNINITIALIZED_AUTOS = YES_AGGRESSIVE;
				GCC_WARN_UNUSED_FUNCTION = YES;
				GCC_WARN_UNUSED_VARIABLE = YES;
				MACOSX_DEPLOYMENT_TARGET = 14.0;
				MTL_ENABLE_DEBUG_INFO = NO;
				MTL_FAST_MATH = YES;
				PRODUCT_NAME = "$(TARGET_NAME)";
				SDKROOT = macosx;
				SWIFT_COMPILATION_MODE = wholemodule;
				SWIFT_OPTIMIZATION_LEVEL = "-O";
				SWIFT_VERSION = 5;
			};
			name = Release;
		};
		BCBC32FBC40C64065190AD59 /* Release */ = {
			isa = XCBuildConfiguration;
			buildSettings = {
				BUNDLE_LOADER = "$(TEST_HOST)";
				COMBINE_HIDPI_IMAGES = YES;
				GENERATE_INFOPLIST_FILE = YES;
				LD_RUNPATH_SEARCH_PATHS = (
					"$(inherited)",
					"@executable_path/../Frameworks",
					"@loader_path/../Frameworks",
				);
				PRODUCT_BUNDLE_IDENTIFIER = com.sampop.WhisperDictationTests;
				SDKROOT = macosx;
				TEST_HOST = "$(BUILT_PRODUCTS_DIR)/WhisperDictation.app/Contents/MacOS/WhisperDictation";
			};
			name = Release;
		};
		E5BC0C78CA054D7DEB5F85BB /* Debug */ = {
			isa = XCBuildConfiguration;
			buildSettings = {
				ASSETCATALOG_COMPILER_APPICON_NAME = AppIcon;
				CODE_SIGN_ENTITLEMENTS = WhisperDictation/WhisperDictation.entitlements;
				CODE_SIGN_IDENTITY = "-";
				COMBINE_HIDPI_IMAGES = YES;
				ENABLE_HARDENED_RUNTIME = NO;
				HEADER_SEARCH_PATHS = (
					"$(PROJECT_DIR)/lib",
				);
				INFOPLIST_FILE = WhisperDictation/Info.plist;
				LD_RUNPATH_SEARCH_PATHS = (
					"$(inherited)",
					"@executable_path/../Frameworks",
				);
				LIBRARY_SEARCH_PATHS = (
					"$(PROJECT_DIR)/lib",
				);
				OTHER_LDFLAGS = (
					"-lwhisper",
					"-lggml",
					"-lggml-base",
					"-lggml-cpu",
					"-lggml-metal",
					"-lggml-blas",
					"-lc++",
				);
				PRODUCT_BUNDLE_IDENTIFIER = com.sampop.WhisperDictation;
				SDKROOT = macosx;
				SWIFT_OBJC_BRIDGING_HEADER = "WhisperDictation/WhisperDictation-Bridging-Header.h";
				SWIFT_OPTIMIZATION_LEVEL = "-Onone";
			};
			name = Debug;
		};
/* End XCBuildConfiguration section */

/* Begin XCConfigurationList section */
		2FBD9F951D873184A81618EC /* Build configuration list for PBXNativeTarget "WhisperDictationTests" */ = {
			isa = XCConfigurationList;
			buildConfigurations = (
				0ED506A56B1CB706E0A2EC4F /* Debug */,
				BCBC32FBC40C64065190AD59 /* Release */,
			);
			defaultConfigurationIsVisible = 0;
			defaultConfigurationName = Debug;
		};
		30F8B7161455E6D39804DDA9 /* Build configuration list for PBXProject "WhisperDictation" */ = {
			isa = XCConfigurationList;
			buildConfigurations = (
				617B79C51617296F60C22962 /* Debug */,
				BAA4C262D21B99A12F68757A /* Release */,
			);
			defaultConfigurationIsVisible = 0;
			defaultConfigurationName = Debug;
		};
		BEA3B4218B2A1716E1756A23 /* Build configuration list for PBXNativeTarget "WhisperDictation" */ = {
			isa = XCConfigurationList;
			buildConfigurations = (
				E5BC0C78CA054D7DEB5F85BB /* Debug */,
				6EE2B0CEA665AC851690C3FD /* Release */,
			);
			defaultConfigurationIsVisible = 0;
			defaultConfigurationName = Debug;
		};
/* End XCConfigurationList section */
	};
	rootObject = FF4CA3AC863F5170A87A8840 /* Project object */;
}
